
Microsoft Visual Studio Solution File, Format Version 12.00
Project("{FAE04EC0-301F-11D3-BF4B-00C04F79EFBC}") = "store_simulator", "store_simulator\store_simulator.csproj", "{14329C8D-A1E1-4C51-80CC-236EBAAF5028}"
EndProject
Global
	GlobalSection(SolutionConfigurationPlatforms) = preSolution
		Debug|Any CPU = Debug|Any CPU
		Release|Any CPU = Release|Any CPU
	EndGlobalSection
	GlobalSection(ProjectConfigurationPlatforms) = postSolution
		{14329C8D-A1E1-4C51-80CC-236EBAAF5028}.Debug|Any CPU.ActiveCfg = Debug|Any CPU
		{14329C8D-A1E1-4C51-80CC-236EBAAF5028}.Debug|Any CPU.Build.0 = Debug|Any CPU
		{14329C8D-A1E1-4C51-80CC-236EBAAF5028}.Release|Any CPU.ActiveCfg = Release|Any CPU
		{14329C8D-A1E1-4C51-80CC-236EBAAF5028}.Release|Any CPU.Build.0 = Release|Any CPU
	EndGlobalSection
EndGlobal
